
Microsoft Visual Studio Solution File, Format Version 12.00
# Visual Studio Version 16
VisualStudioVersion = 16.0.30717.126
MinimumVisualStudioVersion = 10.0.40219.1
Project("{FAE04EC0-301F-11D3-BF4B-00C04F79EFBC}") = "WindowsFormsApp18.3", "WindowsFormsApp18.3\WindowsFormsApp18.3.csproj", "{EAA5210E-AB48-4075-BA41-CF15E9474A28}"
EndProject
Global
	GlobalSection(SolutionConfigurationPlatforms) = preSolution
		Debug|Any CPU = Debug|Any CPU
		Release|Any CPU = Release|Any CPU
	EndGlobalSection
	GlobalSection(ProjectConfigurationPlatforms) = postSolution
		{EAA5210E-AB48-4075-BA41-CF15E9474A28}.Debug|Any CPU.ActiveCfg = Debug|Any CPU
		{EAA5210E-AB48-4075-BA41-CF15E9474A28}.Debug|Any CPU.Build.0 = Debug|Any CPU
		{EAA5210E-AB48-4075-BA41-CF15E9474A28}.Release|Any CPU.ActiveCfg = Release|Any CPU
		{EAA5210E-AB48-4075-BA41-CF15E9474A28}.Release|Any CPU.Build.0 = Release|Any CPU
	EndGlobalSection
	GlobalSection(SolutionProperties) = preSolution
		HideSolutionNode = FALSE
	EndGlobalSection
	GlobalSection(ExtensibilityGlobals) = postSolution
		SolutionGuid = {294B0E47-FE09-4EE4-A515-7C9C43F9AA2A}
	EndGlobalSection
EndGlobal
